
Microsoft Visual Studio Solution File, Format Version 12.00
# Visual Studio Version 16
VisualStudioVersion = 16.0.31112.23
MinimumVisualStudioVersion = 10.0.40219.1
Project("{FAE04EC0-301F-11D3-BF4B-00C04F79EFBC}") = "ConversorDeTemperaturas", "ConversorDeTemperaturas\ConversorDeTemperaturas.csproj", "{0A37319B-B4DF-4149-8ED1-004DF2B3635D}"
EndProject
Global
	GlobalSection(SolutionConfigurationPlatforms) = preSolution
		Debug|Any CPU = Debug|Any CPU
		Release|Any CPU = Release|Any CPU
	EndGlobalSection
	GlobalSection(ProjectConfigurationPlatforms) = postSolution
		{0A37319B-B4DF-4149-8ED1-004DF2B3635D}.Debug|Any CPU.ActiveCfg = Debug|Any CPU
		{0A37319B-B4DF-4149-8ED1-004DF2B3635D}.Debug|Any CPU.Build.0 = Debug|Any CPU
		{0A37319B-B4DF-4149-8ED1-004DF2B3635D}.Release|Any CPU.ActiveCfg = Release|Any CPU
		{0A37319B-B4DF-4149-8ED1-004DF2B3635D}.Release|Any CPU.Build.0 = Release|Any CPU
	EndGlobalSection
	GlobalSection(SolutionProperties) = preSolution
		HideSolutionNode = FALSE
	EndGlobalSection
	GlobalSection(ExtensibilityGlobals) = postSolution
		SolutionGuid = {19F2A4EC-7AEF-4E2A-A92F-98A96FC87F2B}
	EndGlobalSection
EndGlobal
